// !$*UTF8*$!
{
	archiveVersion = 1;
	classes = {
	};
	objectVersion = 56;
	objects = {

/* Begin PBXBuildFile section */
		0002513E2A7F609300EB732F /* pipLyricApp.swift in Sources */ = {isa = PBXBuildFile; fileRef = 0002513D2A7F609300EB732F /* pipLyricApp.swift */; };
		000251402A7F609300EB732F /* ContentView.swift in Sources */ = {isa = PBXBuildFile; fileRef = 0002513F2A7F609300EB732F /* ContentView.swift */; };
		000251422A7F609700EB732F /* Assets.xcassets in Resources */ = {isa = PBXBuildFile; fileRef = 000251412A7F609700EB732F /* Assets.xcassets */; };
		000251452A7F609700EB732F /* Preview Assets.xcassets in Resources */ = {isa = PBXBuildFile; fileRef = 000251442A7F609700EB732F /* Preview Assets.xcassets */; };
		000251472A7F609700EB732F /* Persistence.swift in Sources */ = {isa = PBXBuildFile; fileRef = 000251462A7F609700EB732F /* Persistence.swift */; };
		0002514A2A7F609700EB732F /* pipLyric.xcdatamodeld in Sources */ = {isa = PBXBuildFile; fileRef = 000251482A7F609700EB732F /* pipLyric.xcdatamodeld */; };
		000251542A7F609700EB732F /* pipLyricTests.swift in Sources */ = {isa = PBXBuildFile; fileRef = 000251532A7F609700EB732F /* pipLyricTests.swift */; };
		0002515E2A7F609700EB732F /* pipLyricUITests.swift in Sources */ = {isa = PBXBuildFile; fileRef = 0002515D2A7F609700EB732F /* pipLyricUITests.swift */; };
		000251602A7F609700EB732F /* pipLyricUITestsLaunchTests.swift in Sources */ = {isa = PBXBuildFile; fileRef = 0002515F2A7F609700EB732F /* pipLyricUITestsLaunchTests.swift */; };
		00E20D212A867A4F0015E90D /* WebKitViewController.swift in Sources */ = {isa = PBXBuildFile; fileRef = 00E20D202A867A4F0015E90D /* WebKitViewController.swift */; };
		00E20D242A867A8D0015E90D /* WebKit.framework in Frameworks */ = {isa = PBXBuildFile; fileRef = 00E20D232A867A8C0015E90D /* WebKit.framework */; };
/* End PBXBuildFile section */

/* Begin PBXContainerItemProxy section */
		000251502A7F609700EB732F /* PBXContainerItemProxy */ = {
			isa = PBXContainerItemProxy;
			containerPortal = 000251322A7F609300EB732F /* Project object */;
			proxyType = 1;
			remoteGlobalIDString = 000251392A7F609300EB732F;
			remoteInfo = pipLyric;
		};
		0002515A2A7F609700EB732F /* PBXContainerItemProxy */ = {
			isa = PBXContainerItemProxy;
			containerPortal = 000251322A7F609300EB732F /* Project object */;
			proxyType = 1;
			remoteGlobalIDString = 000251392A7F609300EB732F;
			remoteInfo = pipLyric;
		};
/* End PBXContainerItemProxy section */

/* Begin PBXFileReference section */
		0002513A2A7F609300EB732F /* pipLyric.app */ = {isa = PBXFileReference; explicitFileType = wrapper.application; includeInIndex = 0; path = pipLyric.app; sourceTree = BUILT_PRODUCTS_DIR; };
		0002513D2A7F609300EB732F /* pipLyricApp.swift */ = {isa = PBXFileReference; lastKnownFileType = sourcecode.swift; path = pipLyricApp.swift; sourceTree = "<group>"; };
		0002513F2A7F609300EB732F /* ContentView.swift */ = {isa = PBXFileReference; lastKnownFileType = sourcecode.swift; path = ContentView.swift; sourceTree = "<group>"; };
		000251412A7F609700EB732F /* Assets.xcassets */ = {isa = PBXFileReference; lastKnownFileType = folder.assetcatalog; path = Assets.xcassets; sourceTree = "<group>"; };
		000251442A7F609700EB732F /* Preview Assets.xcassets */ = {isa = PBXFileReference; lastKnownFileType = folder.assetcatalog; path = "Preview Assets.xcassets"; sourceTree = "<group>"; };
		000251462A7F609700EB732F /* Persistence.swift */ = {isa = PBXFileReference; lastKnownFileType = sourcecode.swift; path = Persistence.swift; sourceTree = "<group>"; };
		000251492A7F609700EB732F /* pipLyric.xcdatamodel */ = {isa = PBXFileReference; lastKnownFileType = wrapper.xcdatamodel; path = pipLyric.xcdatamodel; sourceTree = "<group>"; };
		0002514F2A7F609700EB732F /* pipLyricTests.xctest */ = {isa = PBXFileReference; explicitFileType = wrapper.cfbundle; includeInIndex = 0; path = pipLyricTests.xctest; sourceTree = BUILT_PRODUCTS_DIR; };
		000251532A7F609700EB732F /* pipLyricTests.swift */ = {isa = PBXFileReference; lastKnownFileType = sourcecode.swift; path = pipLyricTests.swift; sourceTree = "<group>"; };
		000251592A7F609700EB732F /* pipLyricUITests.xctest */ = {isa = PBXFileReference; explicitFileType = wrapper.cfbundle; includeInIndex = 0; path = pipLyricUITests.xctest; sourceTree = BUILT_PRODUCTS_DIR; };
		0002515D2A7F609700EB732F /* pipLyricUITests.swift */ = {isa = PBXFileReference; lastKnownFileType = sourcecode.swift; path = pipLyricUITests.swift; sourceTree = "<group>"; };
		0002515F2A7F609700EB732F /* pipLyricUITestsLaunchTests.swift */ = {isa = PBXFileReference; lastKnownFileType = sourcecode.swift; path = pipLyricUITestsLaunchTests.swift; sourceTree = "<group>"; };
		00E20D202A867A4F0015E90D /* WebKitViewController.swift */ = {isa = PBXFileReference; lastKnownFileType = sourcecode.swift; path = WebKitViewController.swift; sourceTree = "<group>"; };
		00E20D232A867A8C0015E90D /* WebKit.framework */ = {isa = PBXFileReference; lastKnownFileType = wrapper.framework; name = WebKit.framework; path = System/Library/Frameworks/WebKit.framework; sourceTree = SDKROOT; };
/* End PBXFileReference section */

/* Begin PBXFrameworksBuildPhase section */
		000251372A7F609300EB732F /* Frameworks */ = {
			isa = PBXFrameworksBuildPhase;
			buildActionMask = 2147483647;
			files = (
				00E20D242A867A8D0015E90D /* WebKit.framework in Frameworks */,
			);
			runOnlyForDeploymentPostprocessing = 0;
		};
		0002514C2A7F609700EB732F /* Frameworks */ = {
			isa = PBXFrameworksBuildPhase;
			buildActionMask = 2147483647;
			files = (
			);
			runOnlyForDeploymentPostprocessing = 0;
		};
		000251562A7F609700EB732F /* Frameworks */ = {
			isa = PBXFrameworksBuildPhase;
			buildActionMask = 2147483647;
			files = (
			);
			runOnlyForDeploymentPostprocessing = 0;
		};
/* End PBXFrameworksBuildPhase section */

/* Begin PBXGroup section */
		000251312A7F609300EB732F = {
			isa = PBXGroup;
			children = (
				0002513C2A7F609300EB732F /* pipLyric */,
				000251522A7F609700EB732F /* pipLyricTests */,
				0002515C2A7F609700EB732F /* pipLyricUITests */,
				0002513B2A7F609300EB732F /* Products */,
				00E20D222A867A8B0015E90D /* Frameworks */,
			);
			sourceTree = "<group>";
		};
		0002513B2A7F609300EB732F /* Products */ = {
			isa = PBXGroup;
			children = (
				0002513A2A7F609300EB732F /* pipLyric.app */,
				0002514F2A7F609700EB732F /* pipLyricTests.xctest */,
				000251592A7F609700EB732F /* pipLyricUITests.xctest */,
			);
			name = Products;
			sourceTree = "<group>";
		};
		0002513C2A7F609300EB732F /* pipLyric */ = {
			isa = PBXGroup;
			children = (
				00E20D1F2A8679E30015E90D /* View */,
				0002513D2A7F609300EB732F /* pipLyricApp.swift */,
				0002513F2A7F609300EB732F /* ContentView.swift */,
				000251412A7F609700EB732F /* Assets.xcassets */,
				000251462A7F609700EB732F /* Persistence.swift */,
				000251482A7F609700EB732F /* pipLyric.xcdatamodeld */,
				000251432A7F609700EB732F /* Preview Content */,
			);
			path = pipLyric;
			sourceTree = "<group>";
		};
		000251432A7F609700EB732F /* Preview Content */ = {
			isa = PBXGroup;
			children = (
				000251442A7F609700EB732F /* Preview Assets.xcassets */,
			);
			path = "Preview Content";
			sourceTree = "<group>";
		};
		000251522A7F609700EB732F /* pipLyricTests */ = {
			isa = PBXGroup;
			children = (
				000251532A7F609700EB732F /* pipLyricTests.swift */,
			);
			path = pipLyricTests;
			sourceTree = "<group>";
		};
		0002515C2A7F609700EB732F /* pipLyricUITests */ = {
			isa = PBXGroup;
			children = (
				0002515D2A7F609700EB732F /* pipLyricUITests.swift */,
				0002515F2A7F609700EB732F /* pipLyricUITestsLaunchTests.swift */,
			);
			path = pipLyricUITests;
			sourceTree = "<group>";
		};
		00E20D1F2A8679E30015E90D /* View */ = {
			isa = PBXGroup;
			children = (
				00E20D202A867A4F0015E90D /* WebKitViewController.swift */,
			);
			path = View;
			sourceTree = "<group>";
		};
		00E20D222A867A8B0015E90D /* Frameworks */ = {
			isa = PBXGroup;
			children = (
				00E20D232A867A8C0015E90D /* WebKit.framework */,
			);
			name = Frameworks;
			sourceTree = "<group>";
		};
/* End PBXGroup section */

/* Begin PBXNativeTarget section */
		000251392A7F609300EB732F /* pipLyric */ = {
			isa = PBXNativeTarget;
			buildConfigurationList = 000251632A7F609700EB732F /* Build configuration list for PBXNativeTarget "pipLyric" */;
			buildPhases = (
				000251362A7F609300EB732F /* Sources */,
				000251372A7F609300EB732F /* Frameworks */,
				000251382A7F609300EB732F /* Resources */,
			);
			buildRules = (
			);
			dependencies = (
			);
			name = pipLyric;
			productName = pipLyric;
			productReference = 0002513A2A7F609300EB732F /* pipLyric.app */;
			productType = "com.apple.product-type.application";
		};
		0002514E2A7F609700EB732F /* pipLyricTests */ = {
			isa = PBXNativeTarget;
			buildConfigurationList = 000251662A7F609700EB732F /* Build configuration list for PBXNativeTarget "pipLyricTests" */;
			buildPhases = (
				0002514B2A7F609700EB732F /* Sources */,
				0002514C2A7F609700EB732F /* Frameworks */,
				0002514D2A7F609700EB732F /* Resources */,
			);
			buildRules = (
			);
			dependencies = (
				000251512A7F609700EB732F /* PBXTargetDependency */,
			);
			name = pipLyricTests;
			productName = pipLyricTests;
			productReference = 0002514F2A7F609700EB732F /* pipLyricTests.xctest */;
			productType = "com.apple.product-type.bundle.unit-test";
		};
		000251582A7F609700EB732F /* pipLyricUITests */ = {
			isa = PBXNativeTarget;
			buildConfigurationList = 000251692A7F609700EB732F /* Build configuration list for PBXNativeTarget "pipLyricUITests" */;
			buildPhases = (
				000251552A7F609700EB732F /* Sources */,
				000251562A7F609700EB732F /* Frameworks */,
				000251572A7F609700EB732F /* Resources */,
			);
			buildRules = (
			);
			dependencies = (
				0002515B2A7F609700EB732F /* PBXTargetDependency */,
			);
			name = pipLyricUITests;
			productName = pipLyricUITests;
			productReference = 000251592A7F609700EB732F /* pipLyricUITests.xctest */;
			productType = "com.apple.product-type.bundle.ui-testing";
		};
/* End PBXNativeTarget section */

/* Begin PBXProject section */
		000251322A7F609300EB732F /* Project object */ = {
			isa = PBXProject;
			attributes = {
				BuildIndependentTargetsInParallel = 1;
				LastSwiftUpdateCheck = 1430;
				LastUpgradeCheck = 1430;
				TargetAttributes = {
					000251392A7F609300EB732F = {
						CreatedOnToolsVersion = 14.3.1;
					};
					0002514E2A7F609700EB732F = {
						CreatedOnToolsVersion = 14.3.1;
						TestTargetID = 000251392A7F609300EB732F;
					};
					000251582A7F609700EB732F = {
						CreatedOnToolsVersion = 14.3.1;
						TestTargetID = 000251392A7F609300EB732F;
					};
				};
			};
			buildConfigurationList = 000251352A7F609300EB732F /* Build configuration list for PBXProject "pipLyric" */;
			compatibilityVersion = "Xcode 14.0";
			developmentRegion = en;
			hasScannedForEncodings = 0;
			knownRegions = (
				en,
				Base,
			);
			mainGroup = 000251312A7F609300EB732F;
			productRefGroup = 0002513B2A7F609300EB732F /* Products */;
			projectDirPath = "";
			projectRoot = "";
			targets = (
				000251392A7F609300EB732F /* pipLyric */,
				0002514E2A7F609700EB732F /* pipLyricTests */,
				000251582A7F609700EB732F /* pipLyricUITests */,
			);
		};
/* End PBXProject section */

/* Begin PBXResourcesBuildPhase section */
		000251382A7F609300EB732F /* Resources */ = {
			isa = PBXResourcesBuildPhase;
			buildActionMask = 2147483647;
			files = (
				000251452A7F609700EB732F /* Preview Assets.xcassets in Resources */,
				000251422A7F609700EB732F /* Assets.xcassets in Resources */,
			);
			runOnlyForDeploymentPostprocessing = 0;
		};
		0002514D2A7F609700EB732F /* Resources */ = {
			isa = PBXResourcesBuildPhase;
			buildActionMask = 2147483647;
			files = (
			);
			runOnlyForDeploymentPostprocessing = 0;
		};
		000251572A7F609700EB732F /* Resources */ = {
			isa = PBXResourcesBuildPhase;
			buildActionMask = 2147483647;
			files = (
			);
			runOnlyForDeploymentPostprocessing = 0;
		};
/* End PBXResourcesBuildPhase section */

/* Begin PBXSourcesBuildPhase section */
		000251362A7F609300EB732F /* Sources */ = {
			isa = PBXSourcesBuildPhase;
			buildActionMask = 2147483647;
			files = (
				000251472A7F609700EB732F /* Persistence.swift in Sources */,
				0002514A2A7F609700EB732F /* pipLyric.xcdatamodeld in Sources */,
				000251402A7F609300EB732F /* ContentView.swift in Sources */,
				00E20D212A867A4F0015E90D /* WebKitViewController.swift in Sources */,
				0002513E2A7F609300EB732F /* pipLyricApp.swift in Sources */,
			);
			runOnlyForDeploymentPostprocessing = 0;
		};
		0002514B2A7F609700EB732F /* Sources */ = {
			isa = PBXSourcesBuildPhase;
			buildActionMask = 2147483647;
			files = (
				000251542A7F609700EB732F /* pipLyricTests.swift in Sources */,
			);
			runOnlyForDeploymentPostprocessing = 0;
		};
		000251552A7F609700EB732F /* Sources */ = {
			isa = PBXSourcesBuildPhase;
			buildActionMask = 2147483647;
			files = (
				000251602A7F609700EB732F /* pipLyricUITestsLaunchTests.swift in Sources */,
				0002515E2A7F609700EB732F /* pipLyricUITests.swift in Sources */,
			);
			runOnlyForDeploymentPostprocessing = 0;
		};
/* End PBXSourcesBuildPhase section */

/* Begin PBXTargetDependency section */
		000251512A7F609700EB732F /* PBXTargetDependency */ = {
			isa = PBXTargetDependency;
			target = 000251392A7F609300EB732F /* pipLyric */;
			targetProxy = 000251502A7F609700EB732F /* PBXContainerItemProxy */;
		};
		0002515B2A7F609700EB732F /* PBXTargetDependency */ = {
			isa = PBXTargetDependency;
			target = 000251392A7F609300EB732F /* pipLyric */;
			targetProxy = 0002515A2A7F609700EB732F /* PBXContainerItemProxy */;
		};
/* End PBXTargetDependency section */

/* Begin XCBuildConfiguration section */
		000251612A7F609700EB732F /* Debug */ = {
			isa = XCBuildConfiguration;
			buildSettings = {
				ALWAYS_SEARCH_USER_PATHS = NO;
				CLANG_ANALYZER_NONNULL = YES;
				CLANG_ANALYZER_NUMBER_OBJECT_CONVERSION = YES_AGGRESSIVE;
				CLANG_CXX_LANGUAGE_STANDARD = "gnu++20";
				CLANG_ENABLE_MODULES = YES;
				CLANG_ENABLE_OBJC_ARC = YES;
				CLANG_ENABLE_OBJC_WEAK = YES;
				CLANG_WARN_BLOCK_CAPTURE_AUTORELEASING = YES;
				CLANG_WARN_BOOL_CONVERSION = YES;
				CLANG_WARN_COMMA = YES;
				CLANG_WARN_CONSTANT_CONVERSION = YES;
				CLANG_WARN_DEPRECATED_OBJC_IMPLEMENTATIONS = YES;
				CLANG_WARN_DIRECT_OBJC_ISA_USAGE = YES_ERROR;
				CLANG_WARN_DOCUMENTATION_COMMENTS = YES;
				CLANG_WARN_EMPTY_BODY = YES;
				CLANG_WARN_ENUM_CONVERSION = YES;
				CLANG_WARN_INFINITE_RECURSION = YES;
				CLANG_WARN_INT_CONVERSION = YES;
				CLANG_WARN_NON_LITERAL_NULL_CONVERSION = YES;
				CLANG_WARN_OBJC_IMPLICIT_RETAIN_SELF = YES;
				CLANG_WARN_OBJC_LITERAL_CONVERSION = YES;
				CLANG_WARN_OBJC_ROOT_CLASS = YES_ERROR;
				CLANG_WARN_QUOTED_INCLUDE_IN_FRAMEWORK_HEADER = YES;
				CLANG_WARN_RANGE_LOOP_ANALYSIS = YES;
				CLANG_WARN_STRICT_PROTOTYPES = YES;
				CLANG_WARN_SUSPICIOUS_MOVE = YES;
				CLANG_WARN_UNGUARDED_AVAILABILITY = YES_AGGRESSIVE;
				CLANG_WARN_UNREACHABLE_CODE = YES;
				CLANG_WARN__DUPLICATE_METHOD_MATCH = YES;
				COPY_PHASE_STRIP = NO;
				DEBUG_INFORMATION_FORMAT = dwarf;
				ENABLE_STRICT_OBJC_MSGSEND = YES;
				ENABLE_TESTABILITY = YES;
				GCC_C_LANGUAGE_STANDARD = gnu11;
				GCC_DYNAMIC_NO_PIC = NO;
				GCC_NO_COMMON_BLOCKS = YES;
				GCC_OPTIMIZATION_LEVEL = 0;
				GCC_PREPROCESSOR_DEFINITIONS = (
					"DEBUG=1",
					"$(inherited)",
				);
				GCC_WARN_64_TO_32_BIT_CONVERSION = YES;
				GCC_WARN_ABOUT_RETURN_TYPE = YES_ERROR;
				GCC_WARN_UNDECLARED_SELECTOR = YES;
				GCC_WARN_UNINITIALIZED_AUTOS = YES_AGGRESSIVE;
				GCC_WARN_UNUSED_FUNCTION = YES;
				GCC_WARN_UNUSED_VARIABLE = YES;
				IPHONEOS_DEPLOYMENT_TARGET = 16.4;
				MTL_ENABLE_DEBUG_INFO = INCLUDE_SOURCE;
				MTL_FAST_MATH = YES;
				ONLY_ACTIVE_ARCH = YES;
				SDKROOT = iphoneos;
				SWIFT_ACTIVE_COMPILATION_CONDITIONS = DEBUG;
				SWIFT_OPTIMIZATION_LEVEL = "-Onone";
			};
			name = Debug;
		};
		000251622A7F609700EB732F /* Release */ = {
			isa = XCBuildConfiguration;
			buildSettings = {
				ALWAYS_SEARCH_USER_PATHS = NO;
				CLANG_ANALYZER_NONNULL = YES;
				CLANG_ANALYZER_NUMBER_OBJECT_CONVERSION = YES_AGGRESSIVE;
				CLANG_CXX_LANGUAGE_STANDARD = "gnu++20";
				CLANG_ENABLE_MODULES = YES;
				CLANG_ENABLE_OBJC_ARC = YES;
				CLANG_ENABLE_OBJC_WEAK = YES;
				CLANG_WARN_BLOCK_CAPTURE_AUTORELEASING = YES;
				CLANG_WARN_BOOL_CONVERSION = YES;
				CLANG_WARN_COMMA = YES;
				CLANG_WARN_CONSTANT_CONVERSION = YES;
				CLANG_WARN_DEPRECATED_OBJC_IMPLEMENTATIONS = YES;
				CLANG_WARN_DIRECT_OBJC_ISA_USAGE = YES_ERROR;
				CLANG_WARN_DOCUMENTATION_COMMENTS = YES;
				CLANG_WARN_EMPTY_BODY = YES;
				CLANG_WARN_ENUM_CONVERSION = YES;
				CLANG_WARN_INFINITE_RECURSION = YES;
				CLANG_WARN_INT_CONVERSION = YES;
				CLANG_WARN_NON_LITERAL_NULL_CONVERSION = YES;
				CLANG_WARN_OBJC_IMPLICIT_RETAIN_SELF = YES;
				CLANG_WARN_OBJC_LITERAL_CONVERSION = YES;
				CLANG_WARN_OBJC_ROOT_CLASS = YES_ERROR;
				CLANG_WARN_QUOTED_INCLUDE_IN_FRAMEWORK_HEADER = YES;
				CLANG_WARN_RANGE_LOOP_ANALYSIS = YES;
				CLANG_WARN_STRICT_PROTOTYPES = YES;
				CLANG_WARN_SUSPICIOUS_MOVE = YES;
				CLANG_WARN_UNGUARDED_AVAILABILITY = YES_AGGRESSIVE;
				CLANG_WARN_UNREACHABLE_CODE = YES;
				CLANG_WARN__DUPLICATE_METHOD_MATCH = YES;
				COPY_PHASE_STRIP = NO;
				DEBUG_INFORMATION_FORMAT = "dwarf-with-dsym";
				ENABLE_NS_ASSERTIONS = NO;
				ENABLE_STRICT_OBJC_MSGSEND = YES;
				GCC_C_LANGUAGE_STANDARD = gnu11;
				GCC_NO_COMMON_BLOCKS = YES;
				GCC_WARN_64_TO_32_BIT_CONVERSION = YES;
				GCC_WARN_ABOUT_RETURN_TYPE = YES_ERROR;
				GCC_WARN_UNDECLARED_SELECTOR = YES;
				GCC_WARN_UNINITIALIZED_AUTOS = YES_AGGRESSIVE;
				GCC_WARN_UNUSED_FUNCTION = YES;
				GCC_WARN_UNUSED_VARIABLE = YES;
				IPHONEOS_DEPLOYMENT_TARGET = 16.4;
				MTL_ENABLE_DEBUG_INFO = NO;
				MTL_FAST_MATH = YES;
				SDKROOT = iphoneos;
				SWIFT_COMPILATION_MODE = wholemodule;
				SWIFT_OPTIMIZATION_LEVEL = "-O";
				VALIDATE_PRODUCT = YES;
			};
			name = Release;
		};
		000251642A7F609700EB732F /* Debug */ = {
			isa = XCBuildConfiguration;
			buildSettings = {
				ASSETCATALOG_COMPILER_APPICON_NAME = AppIcon;
				ASSETCATALOG_COMPILER_GLOBAL_ACCENT_COLOR_NAME = AccentColor;
				CODE_SIGN_STYLE = Automatic;
				CURRENT_PROJECT_VERSION = 1;
				DEVELOPMENT_ASSET_PATHS = "\"pipLyric/Preview Content\"";
				DEVELOPMENT_TEAM = 2K6W957237;
				ENABLE_PREVIEWS = YES;
				GENERATE_INFOPLIST_FILE = YES;
				INFOPLIST_KEY_UIApplicationSceneManifest_Generation = YES;
				INFOPLIST_KEY_UIApplicationSupportsIndirectInputEvents = YES;
				INFOPLIST_KEY_UILaunchScreen_Generation = YES;
				INFOPLIST_KEY_UISupportedInterfaceOrientations_iPad = "UIInterfaceOrientationPortrait UIInterfaceOrientationPortraitUpsideDown UIInterfaceOrientationLandscapeLeft UIInterfaceOrientationLandscapeRight";
				INFOPLIST_KEY_UISupportedInterfaceOrientations_iPhone = "UIInterfaceOrientationPortrait UIInterfaceOrientationLandscapeLeft UIInterfaceOrientationLandscapeRight";
				LD_RUNPATH_SEARCH_PATHS = (
					"$(inherited)",
					"@executable_path/Frameworks",
				);
				MARKETING_VERSION = 1.0;
				PRODUCT_BUNDLE_IDENTIFIER = pipLyric.pipLyric;
				PRODUCT_NAME = "$(TARGET_NAME)";
				SWIFT_EMIT_LOC_STRINGS = YES;
				SWIFT_VERSION = 5.0;
				TARGETED_DEVICE_FAMILY = "1,2";
			};
			name = Debug;
		};
		000251652A7F609700EB732F /* Release */ = {
			isa = XCBuildConfiguration;
			buildSettings = {
				ASSETCATALOG_COMPILER_APPICON_NAME = AppIcon;
				ASSETCATALOG_COMPILER_GLOBAL_ACCENT_COLOR_NAME = AccentColor;
				CODE_SIGN_STYLE = Automatic;
				CURRENT_PROJECT_VERSION = 1;
				DEVELOPMENT_ASSET_PATHS = "\"pipLyric/Preview Content\"";
				DEVELOPMENT_TEAM = 2K6W957237;
				ENABLE_PREVIEWS = YES;
				GENERATE_INFOPLIST_FILE = YES;
				INFOPLIST_KEY_UIApplicationSceneManifest_Generation = YES;
				INFOPLIST_KEY_UIApplicationSupportsIndirectInputEvents = YES;
				INFOPLIST_KEY_UILaunchScreen_Generation = YES;
				INFOPLIST_KEY_UISupportedInterfaceOrientations_iPad = "UIInterfaceOrientationPortrait UIInterfaceOrientationPortraitUpsideDown UIInterfaceOrientationLandscapeLeft UIInterfaceOrientationLandscapeRight";
				INFOPLIST_KEY_UISupportedInterfaceOrientations_iPhone = "UIInterfaceOrientationPortrait UIInterfaceOrientationLandscapeLeft UIInterfaceOrientationLandscapeRight";
				LD_RUNPATH_SEARCH_PATHS = (
					"$(inherited)",
					"@executable_path/Frameworks",
				);
				MARKETING_VERSION = 1.0;
				PRODUCT_BUNDLE_IDENTIFIER = pipLyric.pipLyric;
				PRODUCT_NAME = "$(TARGET_NAME)";
				SWIFT_EMIT_LOC_STRINGS = YES;
				SWIFT_VERSION = 5.0;
				TARGETED_DEVICE_FAMILY = "1,2";
			};
			name = Release;
		};
		000251672A7F609700EB732F /* Debug */ = {
			isa = XCBuildConfiguration;
			buildSettings = {
				ALWAYS_EMBED_SWIFT_STANDARD_LIBRARIES = YES;
				BUNDLE_LOADER = "$(TEST_HOST)";
				CODE_SIGN_STYLE = Automatic;
				CURRENT_PROJECT_VERSION = 1;
				GENERATE_INFOPLIST_FILE = YES;
				IPHONEOS_DEPLOYMENT_TARGET = 16.4;
				MARKETING_VERSION = 1.0;
				PRODUCT_BUNDLE_IDENTIFIER = pipLyric.pipLyricTests;
				PRODUCT_NAME = "$(TARGET_NAME)";
				SWIFT_EMIT_LOC_STRINGS = NO;
				SWIFT_VERSION = 5.0;
				TARGETED_DEVICE_FAMILY = "1,2";
				TEST_HOST = "$(BUILT_PRODUCTS_DIR)/pipLyric.app/$(BUNDLE_EXECUTABLE_FOLDER_PATH)/pipLyric";
			};
			name = Debug;
		};
		000251682A7F609700EB732F /* Release */ = {
			isa = XCBuildConfiguration;
			buildSettings = {
				ALWAYS_EMBED_SWIFT_STANDARD_LIBRARIES = YES;
				BUNDLE_LOADER = "$(TEST_HOST)";
				CODE_SIGN_STYLE = Automatic;
				CURRENT_PROJECT_VERSION = 1;
				GENERATE_INFOPLIST_FILE = YES;
				IPHONEOS_DEPLOYMENT_TARGET = 16.4;
				MARKETING_VERSION = 1.0;
				PRODUCT_BUNDLE_IDENTIFIER = pipLyric.pipLyricTests;
				PRODUCT_NAME = "$(TARGET_NAME)";
				SWIFT_EMIT_LOC_STRINGS = NO;
				SWIFT_VERSION = 5.0;
				TARGETED_DEVICE_FAMILY = "1,2";
				TEST_HOST = "$(BUILT_PRODUCTS_DIR)/pipLyric.app/$(BUNDLE_EXECUTABLE_FOLDER_PATH)/pipLyric";
			};
			name = Release;
		};
		0002516A2A7F609700EB732F /* Debug */ = {
			isa = XCBuildConfiguration;
			buildSettings = {
				ALWAYS_EMBED_SWIFT_STANDARD_LIBRARIES = YES;
				CODE_SIGN_STYLE = Automatic;
				CURRENT_PROJECT_VERSION = 1;
				GENERATE_INFOPLIST_FILE = YES;
				MARKETING_VERSION = 1.0;
				PRODUCT_BUNDLE_IDENTIFIER = pipLyric.pipLyricUITests;
				PRODUCT_NAME = "$(TARGET_NAME)";
				SWIFT_EMIT_LOC_STRINGS = NO;
				SWIFT_VERSION = 5.0;
				TARGETED_DEVICE_FAMILY = "1,2";
				TEST_TARGET_NAME = pipLyric;
			};
			name = Debug;
		};
		0002516B2A7F609700EB732F /* Release */ = {
			isa = XCBuildConfiguration;
			buildSettings = {
				ALWAYS_EMBED_SWIFT_STANDARD_LIBRARIES = YES;
				CODE_SIGN_STYLE = Automatic;
				CURRENT_PROJECT_VERSION = 1;
				GENERATE_INFOPLIST_FILE = YES;
				MARKETING_VERSION = 1.0;
				PRODUCT_BUNDLE_IDENTIFIER = pipLyric.pipLyricUITests;
				PRODUCT_NAME = "$(TARGET_NAME)";
				SWIFT_EMIT_LOC_STRINGS = NO;
				SWIFT_VERSION = 5.0;
				TARGETED_DEVICE_FAMILY = "1,2";
				TEST_TARGET_NAME = pipLyric;
			};
			name = Release;
		};
/* End XCBuildConfiguration section */

/* Begin XCConfigurationList section */
		000251352A7F609300EB732F /* Build configuration list for PBXProject "pipLyric" */ = {
			isa = XCConfigurationList;
			buildConfigurations = (
				000251612A7F609700EB732F /* Debug */,
				000251622A7F609700EB732F /* Release */,
			);
			defaultConfigurationIsVisible = 0;
			defaultConfigurationName = Release;
		};
		000251632A7F609700EB732F /* Build configuration list for PBXNativeTarget "pipLyric" */ = {
			isa = XCConfigurationList;
			buildConfigurations = (
				000251642A7F609700EB732F /* Debug */,
				000251652A7F609700EB732F /* Release */,
			);
			defaultConfigurationIsVisible = 0;
			defaultConfigurationName = Release;
		};
		000251662A7F609700EB732F /* Build configuration list for PBXNativeTarget "pipLyricTests" */ = {
			isa = XCConfigurationList;
			buildConfigurations = (
				000251672A7F609700EB732F /* Debug */,
				000251682A7F609700EB732F /* Release */,
			);
			defaultConfigurationIsVisible = 0;
			defaultConfigurationName = Release;
		};
		000251692A7F609700EB732F /* Build configuration list for PBXNativeTarget "pipLyricUITests" */ = {
			isa = XCConfigurationList;
			buildConfigurations = (
				0002516A2A7F609700EB732F /* Debug */,
				0002516B2A7F609700EB732F /* Release */,
			);
			defaultConfigurationIsVisible = 0;
			defaultConfigurationName = Release;
		};
/* End XCConfigurationList section */

/* Begin XCVersionGroup section */
		000251482A7F609700EB732F /* pipLyric.xcdatamodeld */ = {
			isa = XCVersionGroup;
			children = (
				000251492A7F609700EB732F /* pipLyric.xcdatamodel */,
			);
			currentVersion = 000251492A7F609700EB732F /* pipLyric.xcdatamodel */;
			path = pipLyric.xcdatamodeld;
			sourceTree = "<group>";
			versionGroupType = wrapper.xcdatamodel;
		};
/* End XCVersionGroup section */
	};
	rootObject = 000251322A7F609300EB732F /* Project object */;
}
